
Microsoft Visual Studio Solution File, Format Version 12.00
# Visual Studio 15
VisualStudioVersion = 15.0.28010.2026
MinimumVisualStudioVersion = 10.0.40219.1
Project("{FAE04EC0-301F-11D3-BF4B-00C04F79EFBC}") = "WebApplication1", "WebApplication1\WebApplication1.csproj", "{A1D8EE1F-9722-49E5-BE4B-87F77B0F82F7}"
EndProject
Global
	GlobalSection(SolutionConfigurationPlatforms) = preSolution
		Debug|Any CPU = Debug|Any CPU
		Release|Any CPU = Release|Any CPU
	EndGlobalSection
	GlobalSection(ProjectConfigurationPlatforms) = postSolution
		{A1D8EE1F-9722-49E5-BE4B-87F77B0F82F7}.Debug|Any CPU.ActiveCfg = Debug|Any CPU
		{A1D8EE1F-9722-49E5-BE4B-87F77B0F82F7}.Debug|Any CPU.Build.0 = Debug|Any CPU
		{A1D8EE1F-9722-49E5-BE4B-87F77B0F82F7}.Release|Any CPU.ActiveCfg = Release|Any CPU
		{A1D8EE1F-9722-49E5-BE4B-87F77B0F82F7}.Release|Any CPU.Build.0 = Release|Any CPU
	EndGlobalSection
	GlobalSection(SolutionProperties) = preSolution
		HideSolutionNode = FALSE
	EndGlobalSection
	GlobalSection(ExtensibilityGlobals) = postSolution
		SolutionGuid = {19A7AD77-F44B-4835-B46E-42C90EB84A77}
	EndGlobalSection
EndGlobal
